
Microsoft Visual Studio Solution File, Format Version 12.00
# Visual Studio 14
VisualStudioVersion = 14.0.25420.1
MinimumVisualStudioVersion = 10.0.40219.1
Project("{FAE04EC0-301F-11D3-BF4B-00C04F79EFBC}") = "ReferenceTypes", "ReferenceTypes\ReferenceTypes.csproj", "{B0A9E5BE-DF54-49ED-9543-4DF9124177D6}"
EndProject
Project("{FAE04EC0-301F-11D3-BF4B-00C04F79EFBC}") = "ConvertSample", "ConvertSample\ConvertSample.csproj", "{7A6C82E4-2834-4F63-9873-B7F4C1FD30FD}"
EndProject
Global
	GlobalSection(SolutionConfigurationPlatforms) = preSolution
		Debug|Any CPU = Debug|Any CPU
		Release|Any CPU = Release|Any CPU
	EndGlobalSection
	GlobalSection(ProjectConfigurationPlatforms) = postSolution
		{B0A9E5BE-DF54-49ED-9543-4DF9124177D6}.Debug|Any CPU.ActiveCfg = Debug|Any CPU
		{B0A9E5BE-DF54-49ED-9543-4DF9124177D6}.Debug|Any CPU.Build.0 = Debug|Any CPU
		{B0A9E5BE-DF54-49ED-9543-4DF9124177D6}.Release|Any CPU.ActiveCfg = Release|Any CPU
		{B0A9E5BE-DF54-49ED-9543-4DF9124177D6}.Release|Any CPU.Build.0 = Release|Any CPU
		{7A6C82E4-2834-4F63-9873-B7F4C1FD30FD}.Debug|Any CPU.ActiveCfg = Debug|Any CPU
		{7A6C82E4-2834-4F63-9873-B7F4C1FD30FD}.Debug|Any CPU.Build.0 = Debug|Any CPU
		{7A6C82E4-2834-4F63-9873-B7F4C1FD30FD}.Release|Any CPU.ActiveCfg = Release|Any CPU
		{7A6C82E4-2834-4F63-9873-B7F4C1FD30FD}.Release|Any CPU.Build.0 = Release|Any CPU
	EndGlobalSection
	GlobalSection(SolutionProperties) = preSolution
		HideSolutionNode = FALSE
	EndGlobalSection
EndGlobal
